
Microsoft Visual Studio Solution File, Format Version 12.00
# Visual Studio Version 17
VisualStudioVersion = 17.8.34330.188
MinimumVisualStudioVersion = 10.0.40219.1
Project("{FAE04EC0-301F-11D3-BF4B-00C04F79EFBC}") = "ProductApi.Application", "ProductApi.Application\ProductApi.Application.csproj", "{6B7CBD29-A044-4951-B485-84D8AB2D5BB7}"
EndProject
Project("{FAE04EC0-301F-11D3-BF4B-00C04F79EFBC}") = "ProductApi.Domain", "ProductApi.Domain\ProductApi.Domain.csproj", "{D232A8A0-C199-434B-9489-11DCEB7DE5CE}"
EndProject
Project("{FAE04EC0-301F-11D3-BF4B-00C04F79EFBC}") = "ProductApi.Infrastructure", "ProductApi.Infrastructure\ProductApi.Infrastructure.csproj", "{6B594123-AD16-466E-AC60-70F64E9DD8BD}"
EndProject
Project("{FAE04EC0-301F-11D3-BF4B-00C04F79EFBC}") = "ProductApi.Presentation", "ProductApi.Presentation\ProductApi.Presentation.csproj", "{308FEE09-4647-4F47-A2C4-C3EDA17155E5}"
EndProject
Project("{9A19103F-16F7-4668-BE54-9A1E7A4F7556}") = "Library", "..\eCommerce.SharedLibrary\Library\Library.csproj", "{DC16793C-49BB-41D5-BE6D-4D58CE820FA3}"
EndProject
Global
	GlobalSection(SolutionConfigurationPlatforms) = preSolution
		Debug|Any CPU = Debug|Any CPU
		Release|Any CPU = Release|Any CPU
	EndGlobalSection
	GlobalSection(ProjectConfigurationPlatforms) = postSolution
		{6B7CBD29-A044-4951-B485-84D8AB2D5BB7}.Debug|Any CPU.ActiveCfg = Debug|Any CPU
		{6B7CBD29-A044-4951-B485-84D8AB2D5BB7}.Debug|Any CPU.Build.0 = Debug|Any CPU
		{6B7CBD29-A044-4951-B485-84D8AB2D5BB7}.Release|Any CPU.ActiveCfg = Release|Any CPU
		{6B7CBD29-A044-4951-B485-84D8AB2D5BB7}.Release|Any CPU.Build.0 = Release|Any CPU
		{D232A8A0-C199-434B-9489-11DCEB7DE5CE}.Debug|Any CPU.ActiveCfg = Debug|Any CPU
		{D232A8A0-C199-434B-9489-11DCEB7DE5CE}.Debug|Any CPU.Build.0 = Debug|Any CPU
		{D232A8A0-C199-434B-9489-11DCEB7DE5CE}.Release|Any CPU.ActiveCfg = Release|Any CPU
		{D232A8A0-C199-434B-9489-11DCEB7DE5CE}.Release|Any CPU.Build.0 = Release|Any CPU
		{6B594123-AD16-466E-AC60-70F64E9DD8BD}.Debug|Any CPU.ActiveCfg = Debug|Any CPU
		{6B594123-AD16-466E-AC60-70F64E9DD8BD}.Debug|Any CPU.Build.0 = Debug|Any CPU
		{6B594123-AD16-466E-AC60-70F64E9DD8BD}.Release|Any CPU.ActiveCfg = Release|Any CPU
		{6B594123-AD16-466E-AC60-70F64E9DD8BD}.Release|Any CPU.Build.0 = Release|Any CPU
		{308FEE09-4647-4F47-A2C4-C3EDA17155E5}.Debug|Any CPU.ActiveCfg = Debug|Any CPU
		{308FEE09-4647-4F47-A2C4-C3EDA17155E5}.Debug|Any CPU.Build.0 = Debug|Any CPU
		{308FEE09-4647-4F47-A2C4-C3EDA17155E5}.Release|Any CPU.ActiveCfg = Release|Any CPU
		{308FEE09-4647-4F47-A2C4-C3EDA17155E5}.Release|Any CPU.Build.0 = Release|Any CPU
		{DC16793C-49BB-41D5-BE6D-4D58CE820FA3}.Debug|Any CPU.ActiveCfg = Debug|Any CPU
		{DC16793C-49BB-41D5-BE6D-4D58CE820FA3}.Debug|Any CPU.Build.0 = Debug|Any CPU
		{DC16793C-49BB-41D5-BE6D-4D58CE820FA3}.Release|Any CPU.ActiveCfg = Release|Any CPU
		{DC16793C-49BB-41D5-BE6D-4D58CE820FA3}.Release|Any CPU.Build.0 = Release|Any CPU
	EndGlobalSection
	GlobalSection(SolutionProperties) = preSolution
		HideSolutionNode = FALSE
	EndGlobalSection
	GlobalSection(ExtensibilityGlobals) = postSolution
		SolutionGuid = {983ACB90-0C6C-4BCD-97F0-BC0FB5F235AB}
	EndGlobalSection
EndGlobal
